// !$*UTF8*$!
{
	archiveVersion = 1;
	classes = {
	};
	objectVersion = 50;
	objects = {

/* Begin PBXBuildFile section */
		8B09CE0024932E4E001EC02D /* ExpressionSegment.swift in Sources */ = {isa = PBXBuildFile; fileRef = 8B09CDFF24932E4E001EC02D /* ExpressionSegment.swift */; };
		8B27A3DC24B6A839001E5F06 /* Double+Rounded.swift in Sources */ = {isa = PBXBuildFile; fileRef = 8B27A3DB24B6A839001E5F06 /* Double+Rounded.swift */; };
		8B27A3DE24B6A8E9001E5F06 /* Float+Rounded.swift in Sources */ = {isa = PBXBuildFile; fileRef = 8B27A3DD24B6A8E9001E5F06 /* Float+Rounded.swift */; };
		8B669B5F24B0127E00D5996B /* Date+Subtract.swift in Sources */ = {isa = PBXBuildFile; fileRef = 8B669B5E24B0127E00D5996B /* Date+Subtract.swift */; };
		8B669B6124B012A900D5996B /* AVAudioSession+Headphones.swift in Sources */ = {isa = PBXBuildFile; fileRef = 8B669B6024B012A900D5996B /* AVAudioSession+Headphones.swift */; };
		8B669B6324B012F500D5996B /* AVPlayer+Playback.swift in Sources */ = {isa = PBXBuildFile; fileRef = 8B669B6224B012F500D5996B /* AVPlayer+Playback.swift */; };
		8B669B6524B0136500D5996B /* String+Substring.swift in Sources */ = {isa = PBXBuildFile; fileRef = 8B669B6424B0136500D5996B /* String+Substring.swift */; };
		8B669B6724B013F200D5996B /* TimeConstant+Minute+Hour.swift in Sources */ = {isa = PBXBuildFile; fileRef = 8B669B6624B013F200D5996B /* TimeConstant+Minute+Hour.swift */; };
		8B669B6924B01AF600D5996B /* Utils.swift in Sources */ = {isa = PBXBuildFile; fileRef = 8B669B6824B01AF600D5996B /* Utils.swift */; };
		8B669B6B24B2C3DD00D5996B /* PitchDatum.swift in Sources */ = {isa = PBXBuildFile; fileRef = 8B669B6A24B2C3DD00D5996B /* PitchDatum.swift */; };
		8B766E8924A7D7D200D41A13 /* Sentence.swift in Sources */ = {isa = PBXBuildFile; fileRef = 8B766E8824A7D7D200D41A13 /* Sentence.swift */; };
		8B766E8C24A8094300D41A13 /* SoundIntensityDatum.swift in Sources */ = {isa = PBXBuildFile; fileRef = 8B766E8B24A8094300D41A13 /* SoundIntensityDatum.swift */; };
		8B766E8E24A812AF00D41A13 /* PunctuationMap.swift in Sources */ = {isa = PBXBuildFile; fileRef = 8B766E8D24A812AF00D41A13 /* PunctuationMap.swift */; };
		8B766F2324AC2AA300D41A13 /* AcousticWave.swift in Sources */ = {isa = PBXBuildFile; fileRef = 8B766F1B24AC2AA300D41A13 /* AcousticWave.swift */; };
		8B766F2424AC2AA300D41A13 /* Pitch.swift in Sources */ = {isa = PBXBuildFile; fileRef = 8B766F1C24AC2AA300D41A13 /* Pitch.swift */; };
		8B766F2524AC2AA300D41A13 /* Note.swift in Sources */ = {isa = PBXBuildFile; fileRef = 8B766F1D24AC2AA300D41A13 /* Note.swift */; };
		8B766F2624AC2AA300D41A13 /* Error.swift in Sources */ = {isa = PBXBuildFile; fileRef = 8B766F1E24AC2AA300D41A13 /* Error.swift */; };
		8B766F2724AC2AA300D41A13 /* FrequencyValidator.swift in Sources */ = {isa = PBXBuildFile; fileRef = 8B766F1F24AC2AA300D41A13 /* FrequencyValidator.swift */; };
		8B766F2824AC2AA300D41A13 /* NoteCalculator.swift in Sources */ = {isa = PBXBuildFile; fileRef = 8B766F2024AC2AA300D41A13 /* NoteCalculator.swift */; };
		8B766F2924AC2AA300D41A13 /* PitchCalculator.swift in Sources */ = {isa = PBXBuildFile; fileRef = 8B766F2124AC2AA300D41A13 /* PitchCalculator.swift */; };
		8B766F2A24AC2AA300D41A13 /* WaveCalculator.swift in Sources */ = {isa = PBXBuildFile; fileRef = 8B766F2224AC2AA300D41A13 /* WaveCalculator.swift */; };
		8B766F4524AC2AB200D41A13 /* HPSEstimator.swift in Sources */ = {isa = PBXBuildFile; fileRef = 8B766F2B24AC2AB000D41A13 /* HPSEstimator.swift */; };
		8B766F4624AC2AB200D41A13 /* YINEstimator.swift in Sources */ = {isa = PBXBuildFile; fileRef = 8B766F2C24AC2AB000D41A13 /* YINEstimator.swift */; };
		8B766F4724AC2AB200D41A13 /* YINTransformer.swift in Sources */ = {isa = PBXBuildFile; fileRef = 8B766F2D24AC2AB000D41A13 /* YINTransformer.swift */; };
		8B766F4824AC2AB200D41A13 /* Buffer.swift in Sources */ = {isa = PBXBuildFile; fileRef = 8B766F2E24AC2AB000D41A13 /* Buffer.swift */; };
		8B766F4924AC2AB200D41A13 /* Estimator.swift in Sources */ = {isa = PBXBuildFile; fileRef = 8B766F2F24AC2AB000D41A13 /* Estimator.swift */; };
		8B766F4A24AC2AB200D41A13 /* YINUtil.swift in Sources */ = {isa = PBXBuildFile; fileRef = 8B766F3024AC2AB000D41A13 /* YINUtil.swift */; };
		8B766F4B24AC2AB200D41A13 /* Array+Extensions.swift in Sources */ = {isa = PBXBuildFile; fileRef = 8B766F3124AC2AB000D41A13 /* Array+Extensions.swift */; };
		8B766F4C24AC2AB200D41A13 /* MaxValueEstimator.swift in Sources */ = {isa = PBXBuildFile; fileRef = 8B766F3224AC2AB100D41A13 /* MaxValueEstimator.swift */; };
		8B766F4D24AC2AB200D41A13 /* Config.swift in Sources */ = {isa = PBXBuildFile; fileRef = 8B766F3324AC2AB100D41A13 /* Config.swift */; };
		8B766F4E24AC2AB200D41A13 /* QuinnsFirstEstimator.swift in Sources */ = {isa = PBXBuildFile; fileRef = 8B766F3424AC2AB100D41A13 /* QuinnsFirstEstimator.swift */; };
		8B766F4F24AC2AB200D41A13 /* Transformer.swift in Sources */ = {isa = PBXBuildFile; fileRef = 8B766F3524AC2AB100D41A13 /* Transformer.swift */; };
		8B766F5024AC2AB200D41A13 /* InputSignalTracker.swift in Sources */ = {isa = PBXBuildFile; fileRef = 8B766F3624AC2AB100D41A13 /* InputSignalTracker.swift */; };
		8B766F5124AC2AB200D41A13 /* EstimationStrategy.swift in Sources */ = {isa = PBXBuildFile; fileRef = 8B766F3724AC2AB100D41A13 /* EstimationStrategy.swift */; };
		8B766F5224AC2AB200D41A13 /* EstimationError.swift in Sources */ = {isa = PBXBuildFile; fileRef = 8B766F3824AC2AB100D41A13 /* EstimationError.swift */; };
		8B766F5324AC2AB200D41A13 /* OutputSignalTracker.swift in Sources */ = {isa = PBXBuildFile; fileRef = 8B766F3924AC2AB100D41A13 /* OutputSignalTracker.swift */; };
		8B766F5424AC2AB200D41A13 /* QuinnsSecondEstimator.swift in Sources */ = {isa = PBXBuildFile; fileRef = 8B766F3A24AC2AB100D41A13 /* QuinnsSecondEstimator.swift */; };
		8B766F5524AC2AB200D41A13 /* PitchEngine.swift in Sources */ = {isa = PBXBuildFile; fileRef = 8B766F3B24AC2AB100D41A13 /* PitchEngine.swift */; };
		8B766F5624AC2AB200D41A13 /* JainsEstimator.swift in Sources */ = {isa = PBXBuildFile; fileRef = 8B766F3C24AC2AB100D41A13 /* JainsEstimator.swift */; };
		8B766F5724AC2AB200D41A13 /* SimulatorSignalTracker.swift in Sources */ = {isa = PBXBuildFile; fileRef = 8B766F3D24AC2AB100D41A13 /* SimulatorSignalTracker.swift */; };
		8B766F5824AC2AB200D41A13 /* SignalTracker.swift in Sources */ = {isa = PBXBuildFile; fileRef = 8B766F3E24AC2AB100D41A13 /* SignalTracker.swift */; };
		8B766F5924AC2AB200D41A13 /* EstimationFactory.swift in Sources */ = {isa = PBXBuildFile; fileRef = 8B766F3F24AC2AB100D41A13 /* EstimationFactory.swift */; };
		8B766F5A24AC2AB200D41A13 /* LocationEstimator.swift in Sources */ = {isa = PBXBuildFile; fileRef = 8B766F4024AC2AB100D41A13 /* LocationEstimator.swift */; };
		8B766F5B24AC2AB200D41A13 /* FFTTransformer.swift in Sources */ = {isa = PBXBuildFile; fileRef = 8B766F4124AC2AB100D41A13 /* FFTTransformer.swift */; };
		8B766F5C24AC2AB200D41A13 /* QuadradicEstimator.swift in Sources */ = {isa = PBXBuildFile; fileRef = 8B766F4224AC2AB200D41A13 /* QuadradicEstimator.swift */; };
		8B766F5D24AC2AB200D41A13 /* SimpleTransformer.swift in Sources */ = {isa = PBXBuildFile; fileRef = 8B766F4324AC2AB200D41A13 /* SimpleTransformer.swift */; };
		8B766F5E24AC2AB200D41A13 /* BarycentricEstimator.swift in Sources */ = {isa = PBXBuildFile; fileRef = 8B766F4424AC2AB200D41A13 /* BarycentricEstimator.swift */; };
		8BA3052C24C24C240056E4DF /* Sequence+containsAnyOf.swift in Sources */ = {isa = PBXBuildFile; fileRef = 8BA3052B24C24C240056E4DF /* Sequence+containsAnyOf.swift */; };
		8BA3052E24C286550056E4DF /* SoundEffects.swift in Sources */ = {isa = PBXBuildFile; fileRef = 8BA3052D24C286550056E4DF /* SoundEffects.swift */; };
		8BA3054A24C28FCC0056E4DF /* commit-buffer.wav in Resources */ = {isa = PBXBuildFile; fileRef = 8BA3053E24C28FCC0056E4DF /* commit-buffer.wav */; };
		8BA3054B24C28FCC0056E4DF /* stop-listening.wav in Resources */ = {isa = PBXBuildFile; fileRef = 8BA3053F24C28FCC0056E4DF /* stop-listening.wav */; };
		8BA3054C24C28FCC0056E4DF /* play.wav in Resources */ = {isa = PBXBuildFile; fileRef = 8BA3054024C28FCC0056E4DF /* play.wav */; };
		8BA3054D24C28FCC0056E4DF /* voice-command-accept.wav in Resources */ = {isa = PBXBuildFile; fileRef = 8BA3054124C28FCC0056E4DF /* voice-command-accept.wav */; };
		8BA3054E24C28FCC0056E4DF /* voice-command-deny.wav in Resources */ = {isa = PBXBuildFile; fileRef = 8BA3054224C28FCC0056E4DF /* voice-command-deny.wav */; };
		8BA3054F24C28FCC0056E4DF /* processing.wav in Resources */ = {isa = PBXBuildFile; fileRef = 8BA3054324C28FCC0056E4DF /* processing.wav */; };
		8BA3055024C28FCC0056E4DF /* incorrect-wake-phrase.wav in Resources */ = {isa = PBXBuildFile; fileRef = 8BA3054424C28FCC0056E4DF /* incorrect-wake-phrase.wav */; };
		8BA3055124C28FCC0056E4DF /* start-listening.wav in Resources */ = {isa = PBXBuildFile; fileRef = 8BA3054524C28FCC0056E4DF /* start-listening.wav */; };
		8BA3055224C28FCC0056E4DF /* correct-wake-phrase.wav in Resources */ = {isa = PBXBuildFile; fileRef = 8BA3054624C28FCC0056E4DF /* correct-wake-phrase.wav */; };
		8BA3055324C28FCC0056E4DF /* repeat.wav in Resources */ = {isa = PBXBuildFile; fileRef = 8BA3054724C28FCC0056E4DF /* repeat.wav */; };
		8BA3055424C28FCC0056E4DF /* save-expression.wav in Resources */ = {isa = PBXBuildFile; fileRef = 8BA3054824C28FCC0056E4DF /* save-expression.wav */; };
		8BA3055524C28FCC0056E4DF /* error.wav in Resources */ = {isa = PBXBuildFile; fileRef = 8BA3054924C28FCC0056E4DF /* error.wav */; };
		8BCA1AFB24A3D0750068BABB /* ScaleUnitType.swift in Sources */ = {isa = PBXBuildFile; fileRef = 8BCA1AFA24A3D0750068BABB /* ScaleUnitType.swift */; };
		8BCA1AFD24A3DA3B0068BABB /* SegmentPosition.swift in Sources */ = {isa = PBXBuildFile; fileRef = 8BCA1AFC24A3DA3B0068BABB /* SegmentPosition.swift */; };
		8BCA1AFF24A3DA5B0068BABB /* SentencePosition.swift in Sources */ = {isa = PBXBuildFile; fileRef = 8BCA1AFE24A3DA5B0068BABB /* SentencePosition.swift */; };
		8BCA1B0124A43D530068BABB /* Speaker.swift in Sources */ = {isa = PBXBuildFile; fileRef = 8BCA1B0024A43D530068BABB /* Speaker.swift */; };
		8BCA1B0324A43DB70068BABB /* Gender.swift in Sources */ = {isa = PBXBuildFile; fileRef = 8BCA1B0224A43DB70068BABB /* Gender.swift */; };
		8BD595C7249AE45D000B3127 /* Expression.swift in Sources */ = {isa = PBXBuildFile; fileRef = 8BD595C6249AE45D000B3127 /* Expression.swift */; };
		8BE2EB1924BA44BC00E2D519 /* Determiners.swift in Sources */ = {isa = PBXBuildFile; fileRef = 8BE2EB1824BA44BC00E2D519 /* Determiners.swift */; };
		8BEC136824906FF30056E767 /* AppDelegate.swift in Sources */ = {isa = PBXBuildFile; fileRef = 8BEC136724906FF30056E767 /* AppDelegate.swift */; };
		8BEC136A24906FF30056E767 /* SceneDelegate.swift in Sources */ = {isa = PBXBuildFile; fileRef = 8BEC136924906FF30056E767 /* SceneDelegate.swift */; };
		8BEC136C24906FF30056E767 /* ViewController.swift in Sources */ = {isa = PBXBuildFile; fileRef = 8BEC136B24906FF30056E767 /* ViewController.swift */; };
		8BEC136F24906FF30056E767 /* Main.storyboard in Resources */ = {isa = PBXBuildFile; fileRef = 8BEC136D24906FF30056E767 /* Main.storyboard */; };
		8BEC137224906FF30056E767 /* diction_processor.xcdatamodeld in Sources */ = {isa = PBXBuildFile; fileRef = 8BEC137024906FF30056E767 /* diction_processor.xcdatamodeld */; };
		8BEC137424906FF60056E767 /* Assets.xcassets in Resources */ = {isa = PBXBuildFile; fileRef = 8BEC137324906FF60056E767 /* Assets.xcassets */; };
		8BEC137724906FF60056E767 /* LaunchScreen.storyboard in Resources */ = {isa = PBXBuildFile; fileRef = 8BEC137524906FF60056E767 /* LaunchScreen.storyboard */; };
		8BEC138224906FF60056E767 /* diction_processorTests.swift in Sources */ = {isa = PBXBuildFile; fileRef = 8BEC138124906FF60056E767 /* diction_processorTests.swift */; };
		8BEC138D24906FF60056E767 /* diction_processorUITests.swift in Sources */ = {isa = PBXBuildFile; fileRef = 8BEC138C24906FF60056E767 /* diction_processorUITests.swift */; };
/* End PBXBuildFile section */

/* Begin PBXContainerItemProxy section */
		8BEC137E24906FF60056E767 /* PBXContainerItemProxy */ = {
			isa = PBXContainerItemProxy;
			containerPortal = 8BEC135C24906FF30056E767 /* Project object */;
			proxyType = 1;
			remoteGlobalIDString = 8BEC136324906FF30056E767;
			remoteInfo = "diction-processor";
		};
		8BEC138924906FF60056E767 /* PBXContainerItemProxy */ = {
			isa = PBXContainerItemProxy;
			containerPortal = 8BEC135C24906FF30056E767 /* Project object */;
			proxyType = 1;
			remoteGlobalIDString = 8BEC136324906FF30056E767;
			remoteInfo = "diction-processor";
		};
/* End PBXContainerItemProxy section */

/* Begin PBXFileReference section */
		8B09CDFF24932E4E001EC02D /* ExpressionSegment.swift */ = {isa = PBXFileReference; lastKnownFileType = sourcecode.swift; path = ExpressionSegment.swift; sourceTree = "<group>"; };
		8B27A3DB24B6A839001E5F06 /* Double+Rounded.swift */ = {isa = PBXFileReference; lastKnownFileType = sourcecode.swift; path = "Double+Rounded.swift"; sourceTree = "<group>"; };
		8B27A3DD24B6A8E9001E5F06 /* Float+Rounded.swift */ = {isa = PBXFileReference; lastKnownFileType = sourcecode.swift; path = "Float+Rounded.swift"; sourceTree = "<group>"; };
		8B669B5E24B0127E00D5996B /* Date+Subtract.swift */ = {isa = PBXFileReference; lastKnownFileType = sourcecode.swift; path = "Date+Subtract.swift"; sourceTree = "<group>"; };
		8B669B6024B012A900D5996B /* AVAudioSession+Headphones.swift */ = {isa = PBXFileReference; lastKnownFileType = sourcecode.swift; path = "AVAudioSession+Headphones.swift"; sourceTree = "<group>"; };
		8B669B6224B012F500D5996B /* AVPlayer+Playback.swift */ = {isa = PBXFileReference; lastKnownFileType = sourcecode.swift; path = "AVPlayer+Playback.swift"; sourceTree = "<group>"; };
		8B669B6424B0136500D5996B /* String+Substring.swift */ = {isa = PBXFileReference; lastKnownFileType = sourcecode.swift; path = "String+Substring.swift"; sourceTree = "<group>"; };
		8B669B6624B013F200D5996B /* TimeConstant+Minute+Hour.swift */ = {isa = PBXFileReference; lastKnownFileType = sourcecode.swift; path = "TimeConstant+Minute+Hour.swift"; sourceTree = "<group>"; };
		8B669B6824B01AF600D5996B /* Utils.swift */ = {isa = PBXFileReference; lastKnownFileType = sourcecode.swift; path = Utils.swift; sourceTree = "<group>"; };
		8B669B6A24B2C3DD00D5996B /* PitchDatum.swift */ = {isa = PBXFileReference; lastKnownFileType = sourcecode.swift; path = PitchDatum.swift; sourceTree = "<group>"; };
		8B766E8824A7D7D200D41A13 /* Sentence.swift */ = {isa = PBXFileReference; lastKnownFileType = sourcecode.swift; path = Sentence.swift; sourceTree = "<group>"; };
		8B766E8B24A8094300D41A13 /* SoundIntensityDatum.swift */ = {isa = PBXFileReference; lastKnownFileType = sourcecode.swift; path = SoundIntensityDatum.swift; sourceTree = "<group>"; };
		8B766E8D24A812AF00D41A13 /* PunctuationMap.swift */ = {isa = PBXFileReference; lastKnownFileType = sourcecode.swift; path = PunctuationMap.swift; sourceTree = "<group>"; };
		8B766F1B24AC2AA300D41A13 /* AcousticWave.swift */ = {isa = PBXFileReference; fileEncoding = 4; lastKnownFileType = sourcecode.swift; path = AcousticWave.swift; sourceTree = "<group>"; };
		8B766F1C24AC2AA300D41A13 /* Pitch.swift */ = {isa = PBXFileReference; fileEncoding = 4; lastKnownFileType = sourcecode.swift; path = Pitch.swift; sourceTree = "<group>"; };
		8B766F1D24AC2AA300D41A13 /* Note.swift */ = {isa = PBXFileReference; fileEncoding = 4; lastKnownFileType = sourcecode.swift; path = Note.swift; sourceTree = "<group>"; };
		8B766F1E24AC2AA300D41A13 /* Error.swift */ = {isa = PBXFileReference; fileEncoding = 4; lastKnownFileType = sourcecode.swift; path = Error.swift; sourceTree = "<group>"; };
		8B766F1F24AC2AA300D41A13 /* FrequencyValidator.swift */ = {isa = PBXFileReference; fileEncoding = 4; lastKnownFileType = sourcecode.swift; path = FrequencyValidator.swift; sourceTree = "<group>"; };
		8B766F2024AC2AA300D41A13 /* NoteCalculator.swift */ = {isa = PBXFileReference; fileEncoding = 4; lastKnownFileType = sourcecode.swift; path = NoteCalculator.swift; sourceTree = "<group>"; };
		8B766F2124AC2AA300D41A13 /* PitchCalculator.swift */ = {isa = PBXFileReference; fileEncoding = 4; lastKnownFileType = sourcecode.swift; path = PitchCalculator.swift; sourceTree = "<group>"; };
		8B766F2224AC2AA300D41A13 /* WaveCalculator.swift */ = {isa = PBXFileReference; fileEncoding = 4; lastKnownFileType = sourcecode.swift; path = WaveCalculator.swift; sourceTree = "<group>"; };
		8B766F2B24AC2AB000D41A13 /* HPSEstimator.swift */ = {isa = PBXFileReference; fileEncoding = 4; lastKnownFileType = sourcecode.swift; path = HPSEstimator.swift; sourceTree = "<group>"; };
		8B766F2C24AC2AB000D41A13 /* YINEstimator.swift */ = {isa = PBXFileReference; fileEncoding = 4; lastKnownFileType = sourcecode.swift; path = YINEstimator.swift; sourceTree = "<group>"; };
		8B766F2D24AC2AB000D41A13 /* YINTransformer.swift */ = {isa = PBXFileReference; fileEncoding = 4; lastKnownFileType = sourcecode.swift; path = YINTransformer.swift; sourceTree = "<group>"; };
		8B766F2E24AC2AB000D41A13 /* Buffer.swift */ = {isa = PBXFileReference; fileEncoding = 4; lastKnownFileType = sourcecode.swift; path = Buffer.swift; sourceTree = "<group>"; };
		8B766F2F24AC2AB000D41A13 /* Estimator.swift */ = {isa = PBXFileReference; fileEncoding = 4; lastKnownFileType = sourcecode.swift; path = Estimator.swift; sourceTree = "<group>"; };
		8B766F3024AC2AB000D41A13 /* YINUtil.swift */ = {isa = PBXFileReference; fileEncoding = 4; lastKnownFileType = sourcecode.swift; path = YINUtil.swift; sourceTree = "<group>"; };
		8B766F3124AC2AB000D41A13 /* Array+Extensions.swift */ = {isa = PBXFileReference; fileEncoding = 4; lastKnownFileType = sourcecode.swift; path = "Array+Extensions.swift"; sourceTree = "<group>"; };
		8B766F3224AC2AB100D41A13 /* MaxValueEstimator.swift */ = {isa = PBXFileReference; fileEncoding = 4; lastKnownFileType = sourcecode.swift; path = MaxValueEstimator.swift; sourceTree = "<group>"; };
		8B766F3324AC2AB100D41A13 /* Config.swift */ = {isa = PBXFileReference; fileEncoding = 4; lastKnownFileType = sourcecode.swift; path = Config.swift; sourceTree = "<group>"; };
		8B766F3424AC2AB100D41A13 /* QuinnsFirstEstimator.swift */ = {isa = PBXFileReference; fileEncoding = 4; lastKnownFileType = sourcecode.swift; path = QuinnsFirstEstimator.swift; sourceTree = "<group>"; };
		8B766F3524AC2AB100D41A13 /* Transformer.swift */ = {isa = PBXFileReference; fileEncoding = 4; lastKnownFileType = sourcecode.swift; path = Transformer.swift; sourceTree = "<group>"; };
		8B766F3624AC2AB100D41A13 /* InputSignalTracker.swift */ = {isa = PBXFileReference; fileEncoding = 4; lastKnownFileType = sourcecode.swift; path = InputSignalTracker.swift; sourceTree = "<group>"; };
		8B766F3724AC2AB100D41A13 /* EstimationStrategy.swift */ = {isa = PBXFileReference; fileEncoding = 4; lastKnownFileType = sourcecode.swift; path = EstimationStrategy.swift; sourceTree = "<group>"; };
		8B766F3824AC2AB100D41A13 /* EstimationError.swift */ = {isa = PBXFileReference; fileEncoding = 4; lastKnownFileType = sourcecode.swift; path = EstimationError.swift; sourceTree = "<group>"; };
		8B766F3924AC2AB100D41A13 /* OutputSignalTracker.swift */ = {isa = PBXFileReference; fileEncoding = 4; lastKnownFileType = sourcecode.swift; path = OutputSignalTracker.swift; sourceTree = "<group>"; };
		8B766F3A24AC2AB100D41A13 /* QuinnsSecondEstimator.swift */ = {isa = PBXFileReference; fileEncoding = 4; lastKnownFileType = sourcecode.swift; path = QuinnsSecondEstimator.swift; sourceTree = "<group>"; };
		8B766F3B24AC2AB100D41A13 /* PitchEngine.swift */ = {isa = PBXFileReference; fileEncoding = 4; lastKnownFileType = sourcecode.swift; path = PitchEngine.swift; sourceTree = "<group>"; };
		8B766F3C24AC2AB100D41A13 /* JainsEstimator.swift */ = {isa = PBXFileReference; fileEncoding = 4; lastKnownFileType = sourcecode.swift; path = JainsEstimator.swift; sourceTree = "<group>"; };
		8B766F3D24AC2AB100D41A13 /* SimulatorSignalTracker.swift */ = {isa = PBXFileReference; fileEncoding = 4; lastKnownFileType = sourcecode.swift; path = SimulatorSignalTracker.swift; sourceTree = "<group>"; };
		8B766F3E24AC2AB100D41A13 /* SignalTracker.swift */ = {isa = PBXFileReference; fileEncoding = 4; lastKnownFileType = sourcecode.swift; path = SignalTracker.swift; sourceTree = "<group>"; };
		8B766F3F24AC2AB100D41A13 /* EstimationFactory.swift */ = {isa = PBXFileReference; fileEncoding = 4; lastKnownFileType = sourcecode.swift; path = EstimationFactory.swift; sourceTree = "<group>"; };
		8B766F4024AC2AB100D41A13 /* LocationEstimator.swift */ = {isa = PBXFileReference; fileEncoding = 4; lastKnownFileType = sourcecode.swift; path = LocationEstimator.swift; sourceTree = "<group>"; };
		8B766F4124AC2AB100D41A13 /* FFTTransformer.swift */ = {isa = PBXFileReference; fileEncoding = 4; lastKnownFileType = sourcecode.swift; path = FFTTransformer.swift; sourceTree = "<group>"; };
		8B766F4224AC2AB200D41A13 /* QuadradicEstimator.swift */ = {isa = PBXFileReference; fileEncoding = 4; lastKnownFileType = sourcecode.swift; path = QuadradicEstimator.swift; sourceTree = "<group>"; };
		8B766F4324AC2AB200D41A13 /* SimpleTransformer.swift */ = {isa = PBXFileReference; fileEncoding = 4; lastKnownFileType = sourcecode.swift; path = SimpleTransformer.swift; sourceTree = "<group>"; };
		8B766F4424AC2AB200D41A13 /* BarycentricEstimator.swift */ = {isa = PBXFileReference; fileEncoding = 4; lastKnownFileType = sourcecode.swift; path = BarycentricEstimator.swift; sourceTree = "<group>"; };
		8BA3052B24C24C240056E4DF /* Sequence+containsAnyOf.swift */ = {isa = PBXFileReference; lastKnownFileType = sourcecode.swift; path = "Sequence+containsAnyOf.swift"; sourceTree = "<group>"; };
		8BA3052D24C286550056E4DF /* SoundEffects.swift */ = {isa = PBXFileReference; lastKnownFileType = sourcecode.swift; path = SoundEffects.swift; sourceTree = "<group>"; };
		8BA3053E24C28FCC0056E4DF /* commit-buffer.wav */ = {isa = PBXFileReference; lastKnownFileType = audio.wav; path = "commit-buffer.wav"; sourceTree = "<group>"; };
		8BA3053F24C28FCC0056E4DF /* stop-listening.wav */ = {isa = PBXFileReference; lastKnownFileType = audio.wav; path = "stop-listening.wav"; sourceTree = "<group>"; };
		8BA3054024C28FCC0056E4DF /* play.wav */ = {isa = PBXFileReference; lastKnownFileType = audio.wav; path = play.wav; sourceTree = "<group>"; };
		8BA3054124C28FCC0056E4DF /* voice-command-accept.wav */ = {isa = PBXFileReference; lastKnownFileType = audio.wav; path = "voice-command-accept.wav"; sourceTree = "<group>"; };
		8BA3054224C28FCC0056E4DF /* voice-command-deny.wav */ = {isa = PBXFileReference; lastKnownFileType = audio.wav; path = "voice-command-deny.wav"; sourceTree = "<group>"; };
		8BA3054324C28FCC0056E4DF /* processing.wav */ = {isa = PBXFileReference; lastKnownFileType = audio.wav; path = processing.wav; sourceTree = "<group>"; };
		8BA3054424C28FCC0056E4DF /* incorrect-wake-phrase.wav */ = {isa = PBXFileReference; lastKnownFileType = audio.wav; path = "incorrect-wake-phrase.wav"; sourceTree = "<group>"; };
		8BA3054524C28FCC0056E4DF /* start-listening.wav */ = {isa = PBXFileReference; lastKnownFileType = audio.wav; path = "start-listening.wav"; sourceTree = "<group>"; };
		8BA3054624C28FCC0056E4DF /* correct-wake-phrase.wav */ = {isa = PBXFileReference; lastKnownFileType = audio.wav; path = "correct-wake-phrase.wav"; sourceTree = "<group>"; };
		8BA3054724C28FCC0056E4DF /* repeat.wav */ = {isa = PBXFileReference; lastKnownFileType = audio.wav; path = repeat.wav; sourceTree = "<group>"; };
		8BA3054824C28FCC0056E4DF /* save-expression.wav */ = {isa = PBXFileReference; lastKnownFileType = audio.wav; path = "save-expression.wav"; sourceTree = "<group>"; };
		8BA3054924C28FCC0056E4DF /* error.wav */ = {isa = PBXFileReference; lastKnownFileType = audio.wav; path = error.wav; sourceTree = "<group>"; };
		8BCA1AFA24A3D0750068BABB /* ScaleUnitType.swift */ = {isa = PBXFileReference; lastKnownFileType = sourcecode.swift; path = ScaleUnitType.swift; sourceTree = "<group>"; };
		8BCA1AFC24A3DA3B0068BABB /* SegmentPosition.swift */ = {isa = PBXFileReference; lastKnownFileType = sourcecode.swift; path = SegmentPosition.swift; sourceTree = "<group>"; };
		8BCA1AFE24A3DA5B0068BABB /* SentencePosition.swift */ = {isa = PBXFileReference; lastKnownFileType = sourcecode.swift; path = SentencePosition.swift; sourceTree = "<group>"; };
		8BCA1B0024A43D530068BABB /* Speaker.swift */ = {isa = PBXFileReference; lastKnownFileType = sourcecode.swift; path = Speaker.swift; sourceTree = "<group>"; };
		8BCA1B0224A43DB70068BABB /* Gender.swift */ = {isa = PBXFileReference; lastKnownFileType = sourcecode.swift; path = Gender.swift; sourceTree = "<group>"; };
		8BD595C6249AE45D000B3127 /* Expression.swift */ = {isa = PBXFileReference; lastKnownFileType = sourcecode.swift; path = Expression.swift; sourceTree = "<group>"; };
		8BE2EB1824BA44BC00E2D519 /* Determiners.swift */ = {isa = PBXFileReference; lastKnownFileType = sourcecode.swift; path = Determiners.swift; sourceTree = "<group>"; };
		8BEC136424906FF30056E767 /* diction-processor.app */ = {isa = PBXFileReference; explicitFileType = wrapper.application; includeInIndex = 0; path = "diction-processor.app"; sourceTree = BUILT_PRODUCTS_DIR; };
		8BEC136724906FF30056E767 /* AppDelegate.swift */ = {isa = PBXFileReference; lastKnownFileType = sourcecode.swift; path = AppDelegate.swift; sourceTree = "<group>"; };
		8BEC136924906FF30056E767 /* SceneDelegate.swift */ = {isa = PBXFileReference; lastKnownFileType = sourcecode.swift; path = SceneDelegate.swift; sourceTree = "<group>"; };
		8BEC136B24906FF30056E767 /* ViewController.swift */ = {isa = PBXFileReference; lastKnownFileType = sourcecode.swift; path = ViewController.swift; sourceTree = "<group>"; };
		8BEC136E24906FF30056E767 /* Base */ = {isa = PBXFileReference; lastKnownFileType = file.storyboard; name = Base; path = Base.lproj/Main.storyboard; sourceTree = "<group>"; };
		8BEC137124906FF30056E767 /* diction_processor.xcdatamodel */ = {isa = PBXFileReference; lastKnownFileType = wrapper.xcdatamodel; path = diction_processor.xcdatamodel; sourceTree = "<group>"; };
		8BEC137324906FF60056E767 /* Assets.xcassets */ = {isa = PBXFileReference; lastKnownFileType = folder.assetcatalog; path = Assets.xcassets; sourceTree = "<group>"; };
		8BEC137624906FF60056E767 /* Base */ = {isa = PBXFileReference; lastKnownFileType = file.storyboard; name = Base; path = Base.lproj/LaunchScreen.storyboard; sourceTree = "<group>"; };
		8BEC137824906FF60056E767 /* Info.plist */ = {isa = PBXFileReference; lastKnownFileType = text.plist.xml; path = Info.plist; sourceTree = "<group>"; };
		8BEC137D24906FF60056E767 /* diction-processorTests.xctest */ = {isa = PBXFileReference; explicitFileType = wrapper.cfbundle; includeInIndex = 0; path = "diction-processorTests.xctest"; sourceTree = BUILT_PRODUCTS_DIR; };
		8BEC138124906FF60056E767 /* diction_processorTests.swift */ = {isa = PBXFileReference; lastKnownFileType = sourcecode.swift; path = diction_processorTests.swift; sourceTree = "<group>"; };
		8BEC138324906FF60056E767 /* Info.plist */ = {isa = PBXFileReference; lastKnownFileType = text.plist.xml; path = Info.plist; sourceTree = "<group>"; };
		8BEC138824906FF60056E767 /* diction-processorUITests.xctest */ = {isa = PBXFileReference; explicitFileType = wrapper.cfbundle; includeInIndex = 0; path = "diction-processorUITests.xctest"; sourceTree = BUILT_PRODUCTS_DIR; };
		8BEC138C24906FF60056E767 /* diction_processorUITests.swift */ = {isa = PBXFileReference; lastKnownFileType = sourcecode.swift; path = diction_processorUITests.swift; sourceTree = "<group>"; };
		8BEC138E24906FF60056E767 /* Info.plist */ = {isa = PBXFileReference; lastKnownFileType = text.plist.xml; path = Info.plist; sourceTree = "<group>"; };
/* End PBXFileReference section */

/* Begin PBXFrameworksBuildPhase section */
		8BEC136124906FF30056E767 /* Frameworks */ = {
			isa = PBXFrameworksBuildPhase;
			buildActionMask = 2147483647;
			files = (
			);
			runOnlyForDeploymentPostprocessing = 0;
		};
		8BEC137A24906FF60056E767 /* Frameworks */ = {
			isa = PBXFrameworksBuildPhase;
			buildActionMask = 2147483647;
			files = (
			);
			runOnlyForDeploymentPostprocessing = 0;
		};
		8BEC138524906FF60056E767 /* Frameworks */ = {
			isa = PBXFrameworksBuildPhase;
			buildActionMask = 2147483647;
			files = (
			);
			runOnlyForDeploymentPostprocessing = 0;
		};
/* End PBXFrameworksBuildPhase section */

/* Begin PBXGroup section */
		8B766F1924AC2A2300D41A13 /* pitchy */ = {
			isa = PBXGroup;
			children = (
				8B766F1B24AC2AA300D41A13 /* AcousticWave.swift */,
				8B766F1E24AC2AA300D41A13 /* Error.swift */,
				8B766F1F24AC2AA300D41A13 /* FrequencyValidator.swift */,
				8B766F1D24AC2AA300D41A13 /* Note.swift */,
				8B766F2024AC2AA300D41A13 /* NoteCalculator.swift */,
				8B766F1C24AC2AA300D41A13 /* Pitch.swift */,
				8B766F2124AC2AA300D41A13 /* PitchCalculator.swift */,
				8B766F2224AC2AA300D41A13 /* WaveCalculator.swift */,
			);
			path = pitchy;
			sourceTree = "<group>";
		};
		8B766F1A24AC2A2A00D41A13 /* beethoven */ = {
			isa = PBXGroup;
			children = (
				8B766F3124AC2AB000D41A13 /* Array+Extensions.swift */,
				8B766F4424AC2AB200D41A13 /* BarycentricEstimator.swift */,
				8B766F2E24AC2AB000D41A13 /* Buffer.swift */,
				8B766F3324AC2AB100D41A13 /* Config.swift */,
				8B766F3824AC2AB100D41A13 /* EstimationError.swift */,
				8B766F3F24AC2AB100D41A13 /* EstimationFactory.swift */,
				8B766F3724AC2AB100D41A13 /* EstimationStrategy.swift */,
				8B766F2F24AC2AB000D41A13 /* Estimator.swift */,
				8B766F4124AC2AB100D41A13 /* FFTTransformer.swift */,
				8B766F2B24AC2AB000D41A13 /* HPSEstimator.swift */,
				8B766F3624AC2AB100D41A13 /* InputSignalTracker.swift */,
				8B766F3C24AC2AB100D41A13 /* JainsEstimator.swift */,
				8B766F4024AC2AB100D41A13 /* LocationEstimator.swift */,
				8B766F3224AC2AB100D41A13 /* MaxValueEstimator.swift */,
				8B766F3924AC2AB100D41A13 /* OutputSignalTracker.swift */,
				8B766F3B24AC2AB100D41A13 /* PitchEngine.swift */,
				8B766F4224AC2AB200D41A13 /* QuadradicEstimator.swift */,
				8B766F3424AC2AB100D41A13 /* QuinnsFirstEstimator.swift */,
				8B766F3A24AC2AB100D41A13 /* QuinnsSecondEstimator.swift */,
				8B766F3E24AC2AB100D41A13 /* SignalTracker.swift */,
				8B766F4324AC2AB200D41A13 /* SimpleTransformer.swift */,
				8B766F3D24AC2AB100D41A13 /* SimulatorSignalTracker.swift */,
				8B766F3524AC2AB100D41A13 /* Transformer.swift */,
				8B766F2C24AC2AB000D41A13 /* YINEstimator.swift */,
				8B766F2D24AC2AB000D41A13 /* YINTransformer.swift */,
				8B766F3024AC2AB000D41A13 /* YINUtil.swift */,
			);
			path = beethoven;
			sourceTree = "<group>";
		};
		8BA3052F24C2867D0056E4DF /* sounds */ = {
			isa = PBXGroup;
			children = (
				8BA3053E24C28FCC0056E4DF /* commit-buffer.wav */,
				8BA3054624C28FCC0056E4DF /* correct-wake-phrase.wav */,
				8BA3054924C28FCC0056E4DF /* error.wav */,
				8BA3054424C28FCC0056E4DF /* incorrect-wake-phrase.wav */,
				8BA3054024C28FCC0056E4DF /* play.wav */,
				8BA3054324C28FCC0056E4DF /* processing.wav */,
				8BA3054724C28FCC0056E4DF /* repeat.wav */,
				8BA3054824C28FCC0056E4DF /* save-expression.wav */,
				8BA3054524C28FCC0056E4DF /* start-listening.wav */,
				8BA3053F24C28FCC0056E4DF /* stop-listening.wav */,
				8BA3054124C28FCC0056E4DF /* voice-command-accept.wav */,
				8BA3054224C28FCC0056E4DF /* voice-command-deny.wav */,
			);
			path = sounds;
			sourceTree = "<group>";
		};
		8BEC135B24906FF30056E767 = {
			isa = PBXGroup;
			children = (
				8BEC136624906FF30056E767 /* diction-processor */,
				8BEC138024906FF60056E767 /* diction-processorTests */,
				8BEC138B24906FF60056E767 /* diction-processorUITests */,
				8BEC136524906FF30056E767 /* Products */,
			);
			sourceTree = "<group>";
		};
		8BEC136524906FF30056E767 /* Products */ = {
			isa = PBXGroup;
			children = (
				8BEC136424906FF30056E767 /* diction-processor.app */,
				8BEC137D24906FF60056E767 /* diction-processorTests.xctest */,
				8BEC138824906FF60056E767 /* diction-processorUITests.xctest */,
			);
			name = Products;
			sourceTree = "<group>";
		};
		8BEC136624906FF30056E767 /* diction-processor */ = {
			isa = PBXGroup;
			children = (
				8BA3052F24C2867D0056E4DF /* sounds */,
				8B766F1A24AC2A2A00D41A13 /* beethoven */,
				8B766F1924AC2A2300D41A13 /* pitchy */,
				8BEC136724906FF30056E767 /* AppDelegate.swift */,
				8BEC136924906FF30056E767 /* SceneDelegate.swift */,
				8BEC136B24906FF30056E767 /* ViewController.swift */,
				8B669B6624B013F200D5996B /* TimeConstant+Minute+Hour.swift */,
				8B669B6424B0136500D5996B /* String+Substring.swift */,
				8B669B6224B012F500D5996B /* AVPlayer+Playback.swift */,
				8B669B6024B012A900D5996B /* AVAudioSession+Headphones.swift */,
				8B27A3DB24B6A839001E5F06 /* Double+Rounded.swift */,
				8B27A3DD24B6A8E9001E5F06 /* Float+Rounded.swift */,
				8BA3052D24C286550056E4DF /* SoundEffects.swift */,
				8BD595C6249AE45D000B3127 /* Expression.swift */,
				8B669B6824B01AF600D5996B /* Utils.swift */,
				8B09CDFF24932E4E001EC02D /* ExpressionSegment.swift */,
				8BA3052B24C24C240056E4DF /* Sequence+containsAnyOf.swift */,
				8BE2EB1824BA44BC00E2D519 /* Determiners.swift */,
				8B766E8D24A812AF00D41A13 /* PunctuationMap.swift */,
				8B766E8824A7D7D200D41A13 /* Sentence.swift */,
				8BCA1AFE24A3DA5B0068BABB /* SentencePosition.swift */,
				8BCA1AFA24A3D0750068BABB /* ScaleUnitType.swift */,
				8BCA1AFC24A3DA3B0068BABB /* SegmentPosition.swift */,
				8B766E8B24A8094300D41A13 /* SoundIntensityDatum.swift */,
				8B669B6A24B2C3DD00D5996B /* PitchDatum.swift */,
				8B669B5E24B0127E00D5996B /* Date+Subtract.swift */,
				8BCA1B0224A43DB70068BABB /* Gender.swift */,
				8BCA1B0024A43D530068BABB /* Speaker.swift */,
				8BEC136D24906FF30056E767 /* Main.storyboard */,
				8BEC137324906FF60056E767 /* Assets.xcassets */,
				8BEC137524906FF60056E767 /* LaunchScreen.storyboard */,
				8BEC137824906FF60056E767 /* Info.plist */,
				8BEC137024906FF30056E767 /* diction_processor.xcdatamodeld */,
			);
			path = "diction-processor";
			sourceTree = "<group>";
		};
		8BEC138024906FF60056E767 /* diction-processorTests */ = {
			isa = PBXGroup;
			children = (
				8BEC138124906FF60056E767 /* diction_processorTests.swift */,
				8BEC138324906FF60056E767 /* Info.plist */,
			);
			path = "diction-processorTests";
			sourceTree = "<group>";
		};
		8BEC138B24906FF60056E767 /* diction-processorUITests */ = {
			isa = PBXGroup;
			children = (
				8BEC138C24906FF60056E767 /* diction_processorUITests.swift */,
				8BEC138E24906FF60056E767 /* Info.plist */,
			);
			path = "diction-processorUITests";
			sourceTree = "<group>";
		};
/* End PBXGroup section */

/* Begin PBXNativeTarget section */
		8BEC136324906FF30056E767 /* diction-processor */ = {
			isa = PBXNativeTarget;
			buildConfigurationList = 8BEC139124906FF60056E767 /* Build configuration list for PBXNativeTarget "diction-processor" */;
			buildPhases = (
				8BEC136024906FF30056E767 /* Sources */,
				8BEC136124906FF30056E767 /* Frameworks */,
				8BEC136224906FF30056E767 /* Resources */,
			);
			buildRules = (
			);
			dependencies = (
			);
			name = "diction-processor";
			productName = "diction-processor";
			productReference = 8BEC136424906FF30056E767 /* diction-processor.app */;
			productType = "com.apple.product-type.application";
		};
		8BEC137C24906FF60056E767 /* diction-processorTests */ = {
			isa = PBXNativeTarget;
			buildConfigurationList = 8BEC139424906FF60056E767 /* Build configuration list for PBXNativeTarget "diction-processorTests" */;
			buildPhases = (
				8BEC137924906FF60056E767 /* Sources */,
				8BEC137A24906FF60056E767 /* Frameworks */,
				8BEC137B24906FF60056E767 /* Resources */,
			);
			buildRules = (
			);
			dependencies = (
				8BEC137F24906FF60056E767 /* PBXTargetDependency */,
			);
			name = "diction-processorTests";
			productName = "diction-processorTests";
			productReference = 8BEC137D24906FF60056E767 /* diction-processorTests.xctest */;
			productType = "com.apple.product-type.bundle.unit-test";
		};
		8BEC138724906FF60056E767 /* diction-processorUITests */ = {
			isa = PBXNativeTarget;
			buildConfigurationList = 8BEC139724906FF60056E767 /* Build configuration list for PBXNativeTarget "diction-processorUITests" */;
			buildPhases = (
				8BEC138424906FF60056E767 /* Sources */,
				8BEC138524906FF60056E767 /* Frameworks */,
				8BEC138624906FF60056E767 /* Resources */,
			);
			buildRules = (
			);
			dependencies = (
				8BEC138A24906FF60056E767 /* PBXTargetDependency */,
			);
			name = "diction-processorUITests";
			productName = "diction-processorUITests";
			productReference = 8BEC138824906FF60056E767 /* diction-processorUITests.xctest */;
			productType = "com.apple.product-type.bundle.ui-testing";
		};
/* End PBXNativeTarget section */

/* Begin PBXProject section */
		8BEC135C24906FF30056E767 /* Project object */ = {
			isa = PBXProject;
			attributes = {
				LastSwiftUpdateCheck = 1150;
				LastUpgradeCheck = 1150;
				ORGANIZATIONNAME = "Afika Nyati";
				TargetAttributes = {
					8BEC136324906FF30056E767 = {
						CreatedOnToolsVersion = 11.5;
					};
					8BEC137C24906FF60056E767 = {
						CreatedOnToolsVersion = 11.5;
						TestTargetID = 8BEC136324906FF30056E767;
					};
					8BEC138724906FF60056E767 = {
						CreatedOnToolsVersion = 11.5;
						TestTargetID = 8BEC136324906FF30056E767;
					};
				};
			};
			buildConfigurationList = 8BEC135F24906FF30056E767 /* Build configuration list for PBXProject "diction-processor" */;
			compatibilityVersion = "Xcode 9.3";
			developmentRegion = en;
			hasScannedForEncodings = 0;
			knownRegions = (
				en,
				Base,
			);
			mainGroup = 8BEC135B24906FF30056E767;
			productRefGroup = 8BEC136524906FF30056E767 /* Products */;
			projectDirPath = "";
			projectRoot = "";
			targets = (
				8BEC136324906FF30056E767 /* diction-processor */,
				8BEC137C24906FF60056E767 /* diction-processorTests */,
				8BEC138724906FF60056E767 /* diction-processorUITests */,
			);
		};
/* End PBXProject section */

/* Begin PBXResourcesBuildPhase section */
		8BEC136224906FF30056E767 /* Resources */ = {
			isa = PBXResourcesBuildPhase;
			buildActionMask = 2147483647;
			files = (
				8BA3054C24C28FCC0056E4DF /* play.wav in Resources */,
				8BA3054E24C28FCC0056E4DF /* voice-command-deny.wav in Resources */,
				8BA3055524C28FCC0056E4DF /* error.wav in Resources */,
				8BA3055124C28FCC0056E4DF /* start-listening.wav in Resources */,
				8BEC137724906FF60056E767 /* LaunchScreen.storyboard in Resources */,
				8BA3054A24C28FCC0056E4DF /* commit-buffer.wav in Resources */,
				8BA3054D24C28FCC0056E4DF /* voice-command-accept.wav in Resources */,
				8BA3055224C28FCC0056E4DF /* correct-wake-phrase.wav in Resources */,
				8BA3054B24C28FCC0056E4DF /* stop-listening.wav in Resources */,
				8BEC137424906FF60056E767 /* Assets.xcassets in Resources */,
				8BA3054F24C28FCC0056E4DF /* processing.wav in Resources */,
				8BEC136F24906FF30056E767 /* Main.storyboard in Resources */,
				8BA3055024C28FCC0056E4DF /* incorrect-wake-phrase.wav in Resources */,
				8BA3055424C28FCC0056E4DF /* save-expression.wav in Resources */,
				8BA3055324C28FCC0056E4DF /* repeat.wav in Resources */,
			);
			runOnlyForDeploymentPostprocessing = 0;
		};
		8BEC137B24906FF60056E767 /* Resources */ = {
			isa = PBXResourcesBuildPhase;
			buildActionMask = 2147483647;
			files = (
			);
			runOnlyForDeploymentPostprocessing = 0;
		};
		8BEC138624906FF60056E767 /* Resources */ = {
			isa = PBXResourcesBuildPhase;
			buildActionMask = 2147483647;
			files = (
			);
			runOnlyForDeploymentPostprocessing = 0;
		};
/* End PBXResourcesBuildPhase section */

/* Begin PBXSourcesBuildPhase section */
		8BEC136024906FF30056E767 /* Sources */ = {
			isa = PBXSourcesBuildPhase;
			buildActionMask = 2147483647;
			files = (
				8B27A3DE24B6A8E9001E5F06 /* Float+Rounded.swift in Sources */,
				8B766F2824AC2AA300D41A13 /* NoteCalculator.swift in Sources */,
				8B766F4B24AC2AB200D41A13 /* Array+Extensions.swift in Sources */,
				8BEC136C24906FF30056E767 /* ViewController.swift in Sources */,
				8BEC136824906FF30056E767 /* AppDelegate.swift in Sources */,
				8B669B6724B013F200D5996B /* TimeConstant+Minute+Hour.swift in Sources */,
				8B669B6324B012F500D5996B /* AVPlayer+Playback.swift in Sources */,
				8B766F5024AC2AB200D41A13 /* InputSignalTracker.swift in Sources */,
				8BCA1AFD24A3DA3B0068BABB /* SegmentPosition.swift in Sources */,
				8BCA1B0124A43D530068BABB /* Speaker.swift in Sources */,
				8B766E8C24A8094300D41A13 /* SoundIntensityDatum.swift in Sources */,
				8B766F5B24AC2AB200D41A13 /* FFTTransformer.swift in Sources */,
				8B766F4F24AC2AB200D41A13 /* Transformer.swift in Sources */,
				8B766F4924AC2AB200D41A13 /* Estimator.swift in Sources */,
				8B766F5C24AC2AB200D41A13 /* QuadradicEstimator.swift in Sources */,
				8B27A3DC24B6A839001E5F06 /* Double+Rounded.swift in Sources */,
				8B669B6B24B2C3DD00D5996B /* PitchDatum.swift in Sources */,
				8B766F5524AC2AB200D41A13 /* PitchEngine.swift in Sources */,
				8B766F2524AC2AA300D41A13 /* Note.swift in Sources */,
				8BE2EB1924BA44BC00E2D519 /* Determiners.swift in Sources */,
				8BCA1AFB24A3D0750068BABB /* ScaleUnitType.swift in Sources */,
				8B766F5D24AC2AB200D41A13 /* SimpleTransformer.swift in Sources */,
				8B766F4524AC2AB200D41A13 /* HPSEstimator.swift in Sources */,
				8B766F2724AC2AA300D41A13 /* FrequencyValidator.swift in Sources */,
				8B766F5924AC2AB200D41A13 /* EstimationFactory.swift in Sources */,
				8BEC136A24906FF30056E767 /* SceneDelegate.swift in Sources */,
				8B766F5224AC2AB200D41A13 /* EstimationError.swift in Sources */,
				8B766F5824AC2AB200D41A13 /* SignalTracker.swift in Sources */,
				8B766E8E24A812AF00D41A13 /* PunctuationMap.swift in Sources */,
				8B766F2A24AC2AA300D41A13 /* WaveCalculator.swift in Sources */,
				8B669B5F24B0127E00D5996B /* Date+Subtract.swift in Sources */,
				8B669B6124B012A900D5996B /* AVAudioSession+Headphones.swift in Sources */,
				8B09CE0024932E4E001EC02D /* ExpressionSegment.swift in Sources */,
				8BEC137224906FF30056E767 /* diction_processor.xcdatamodeld in Sources */,
				8BCA1B0324A43DB70068BABB /* Gender.swift in Sources */,
				8B766F2324AC2AA300D41A13 /* AcousticWave.swift in Sources */,
				8B766F5A24AC2AB200D41A13 /* LocationEstimator.swift in Sources */,
				8B766F4824AC2AB200D41A13 /* Buffer.swift in Sources */,
				8BA3052E24C286550056E4DF /* SoundEffects.swift in Sources */,
				8B766F5424AC2AB200D41A13 /* QuinnsSecondEstimator.swift in Sources */,
				8B766F4724AC2AB200D41A13 /* YINTransformer.swift in Sources */,
				8B669B6924B01AF600D5996B /* Utils.swift in Sources */,
				8BCA1AFF24A3DA5B0068BABB /* SentencePosition.swift in Sources */,
				8B766F2424AC2AA300D41A13 /* Pitch.swift in Sources */,
				8B766E8924A7D7D200D41A13 /* Sentence.swift in Sources */,
				8B766F4E24AC2AB200D41A13 /* QuinnsFirstEstimator.swift in Sources */,
				8BD595C7249AE45D000B3127 /* Expression.swift in Sources */,
				8B766F4A24AC2AB200D41A13 /* YINUtil.swift in Sources */,
				8B766F5324AC2AB200D41A13 /* OutputSignalTracker.swift in Sources */,
				8BA3052C24C24C240056E4DF /* Sequence+containsAnyOf.swift in Sources */,
				8B669B6524B0136500D5996B /* String+Substring.swift in Sources */,
				8B766F5E24AC2AB200D41A13 /* BarycentricEstimator.swift in Sources */,
				8B766F4624AC2AB200D41A13 /* YINEstimator.swift in Sources */,
				8B766F5124AC2AB200D41A13 /* EstimationStrategy.swift in Sources */,
				8B766F4C24AC2AB200D41A13 /* MaxValueEstimator.swift in Sources */,
				8B766F5624AC2AB200D41A13 /* JainsEstimator.swift in Sources */,
				8B766F4D24AC2AB200D41A13 /* Config.swift in Sources */,
				8B766F5724AC2AB200D41A13 /* SimulatorSignalTracker.swift in Sources */,
				8B766F2924AC2AA300D41A13 /* PitchCalculator.swift in Sources */,
				8B766F2624AC2AA300D41A13 /* Error.swift in Sources */,
			);
			runOnlyForDeploymentPostprocessing = 0;
		};
		8BEC137924906FF60056E767 /* Sources */ = {
			isa = PBXSourcesBuildPhase;
			buildActionMask = 2147483647;
			files = (
				8BEC138224906FF60056E767 /* diction_processorTests.swift in Sources */,
			);
			runOnlyForDeploymentPostprocessing = 0;
		};
		8BEC138424906FF60056E767 /* Sources */ = {
			isa = PBXSourcesBuildPhase;
			buildActionMask = 2147483647;
			files = (
				8BEC138D24906FF60056E767 /* diction_processorUITests.swift in Sources */,
			);
			runOnlyForDeploymentPostprocessing = 0;
		};
/* End PBXSourcesBuildPhase section */

/* Begin PBXTargetDependency section */
		8BEC137F24906FF60056E767 /* PBXTargetDependency */ = {
			isa = PBXTargetDependency;
			target = 8BEC136324906FF30056E767 /* diction-processor */;
			targetProxy = 8BEC137E24906FF60056E767 /* PBXContainerItemProxy */;
		};
		8BEC138A24906FF60056E767 /* PBXTargetDependency */ = {
			isa = PBXTargetDependency;
			target = 8BEC136324906FF30056E767 /* diction-processor */;
			targetProxy = 8BEC138924906FF60056E767 /* PBXContainerItemProxy */;
		};
/* End PBXTargetDependency section */

/* Begin PBXVariantGroup section */
		8BEC136D24906FF30056E767 /* Main.storyboard */ = {
			isa = PBXVariantGroup;
			children = (
				8BEC136E24906FF30056E767 /* Base */,
			);
			name = Main.storyboard;
			sourceTree = "<group>";
		};
		8BEC137524906FF60056E767 /* LaunchScreen.storyboard */ = {
			isa = PBXVariantGroup;
			children = (
				8BEC137624906FF60056E767 /* Base */,
			);
			name = LaunchScreen.storyboard;
			sourceTree = "<group>";
		};
/* End PBXVariantGroup section */

/* Begin XCBuildConfiguration section */
		8BEC138F24906FF60056E767 /* Debug */ = {
			isa = XCBuildConfiguration;
			buildSettings = {
				ALWAYS_SEARCH_USER_PATHS = NO;
				CLANG_ANALYZER_NONNULL = YES;
				CLANG_ANALYZER_NUMBER_OBJECT_CONVERSION = YES_AGGRESSIVE;
				CLANG_CXX_LANGUAGE_STANDARD = "gnu++14";
				CLANG_CXX_LIBRARY = "libc++";
				CLANG_ENABLE_MODULES = YES;
				CLANG_ENABLE_OBJC_ARC = YES;
				CLANG_ENABLE_OBJC_WEAK = YES;
				CLANG_WARN_BLOCK_CAPTURE_AUTORELEASING = YES;
				CLANG_WARN_BOOL_CONVERSION = YES;
				CLANG_WARN_COMMA = YES;
				CLANG_WARN_CONSTANT_CONVERSION = YES;
				CLANG_WARN_DEPRECATED_OBJC_IMPLEMENTATIONS = YES;
				CLANG_WARN_DIRECT_OBJC_ISA_USAGE = YES_ERROR;
				CLANG_WARN_DOCUMENTATION_COMMENTS = YES;
				CLANG_WARN_EMPTY_BODY = YES;
				CLANG_WARN_ENUM_CONVERSION = YES;
				CLANG_WARN_INFINITE_RECURSION = YES;
				CLANG_WARN_INT_CONVERSION = YES;
				CLANG_WARN_NON_LITERAL_NULL_CONVERSION = YES;
				CLANG_WARN_OBJC_IMPLICIT_RETAIN_SELF = YES;
				CLANG_WARN_OBJC_LITERAL_CONVERSION = YES;
				CLANG_WARN_OBJC_ROOT_CLASS = YES_ERROR;
				CLANG_WARN_RANGE_LOOP_ANALYSIS = YES;
				CLANG_WARN_STRICT_PROTOTYPES = YES;
				CLANG_WARN_SUSPICIOUS_MOVE = YES;
				CLANG_WARN_UNGUARDED_AVAILABILITY = YES_AGGRESSIVE;
				CLANG_WARN_UNREACHABLE_CODE = YES;
				CLANG_WARN__DUPLICATE_METHOD_MATCH = YES;
				COPY_PHASE_STRIP = NO;
				DEBUG_INFORMATION_FORMAT = dwarf;
				ENABLE_STRICT_OBJC_MSGSEND = YES;
				ENABLE_TESTABILITY = YES;
				GCC_C_LANGUAGE_STANDARD = gnu11;
				GCC_DYNAMIC_NO_PIC = NO;
				GCC_NO_COMMON_BLOCKS = YES;
				GCC_OPTIMIZATION_LEVEL = 0;
				GCC_PREPROCESSOR_DEFINITIONS = (
					"DEBUG=1",
					"$(inherited)",
				);
				GCC_WARN_64_TO_32_BIT_CONVERSION = YES;
				GCC_WARN_ABOUT_RETURN_TYPE = YES_ERROR;
				GCC_WARN_UNDECLARED_SELECTOR = YES;
				GCC_WARN_UNINITIALIZED_AUTOS = YES_AGGRESSIVE;
				GCC_WARN_UNUSED_FUNCTION = YES;
				GCC_WARN_UNUSED_VARIABLE = YES;
				IPHONEOS_DEPLOYMENT_TARGET = 13.5;
				MTL_ENABLE_DEBUG_INFO = INCLUDE_SOURCE;
				MTL_FAST_MATH = YES;
				ONLY_ACTIVE_ARCH = YES;
				SDKROOT = iphoneos;
				SWIFT_ACTIVE_COMPILATION_CONDITIONS = DEBUG;
				SWIFT_OPTIMIZATION_LEVEL = "-Onone";
			};
			name = Debug;
		};
		8BEC139024906FF60056E767 /* Release */ = {
			isa = XCBuildConfiguration;
			buildSettings = {
				ALWAYS_SEARCH_USER_PATHS = NO;
				CLANG_ANALYZER_NONNULL = YES;
				CLANG_ANALYZER_NUMBER_OBJECT_CONVERSION = YES_AGGRESSIVE;
				CLANG_CXX_LANGUAGE_STANDARD = "gnu++14";
				CLANG_CXX_LIBRARY = "libc++";
				CLANG_ENABLE_MODULES = YES;
				CLANG_ENABLE_OBJC_ARC = YES;
				CLANG_ENABLE_OBJC_WEAK = YES;
				CLANG_WARN_BLOCK_CAPTURE_AUTORELEASING = YES;
				CLANG_WARN_BOOL_CONVERSION = YES;
				CLANG_WARN_COMMA = YES;
				CLANG_WARN_CONSTANT_CONVERSION = YES;
				CLANG_WARN_DEPRECATED_OBJC_IMPLEMENTATIONS = YES;
				CLANG_WARN_DIRECT_OBJC_ISA_USAGE = YES_ERROR;
				CLANG_WARN_DOCUMENTATION_COMMENTS = YES;
				CLANG_WARN_EMPTY_BODY = YES;
				CLANG_WARN_ENUM_CONVERSION = YES;
				CLANG_WARN_INFINITE_RECURSION = YES;
				CLANG_WARN_INT_CONVERSION = YES;
				CLANG_WARN_NON_LITERAL_NULL_CONVERSION = YES;
				CLANG_WARN_OBJC_IMPLICIT_RETAIN_SELF = YES;
				CLANG_WARN_OBJC_LITERAL_CONVERSION = YES;
				CLANG_WARN_OBJC_ROOT_CLASS = YES_ERROR;
				CLANG_WARN_RANGE_LOOP_ANALYSIS = YES;
				CLANG_WARN_STRICT_PROTOTYPES = YES;
				CLANG_WARN_SUSPICIOUS_MOVE = YES;
				CLANG_WARN_UNGUARDED_AVAILABILITY = YES_AGGRESSIVE;
				CLANG_WARN_UNREACHABLE_CODE = YES;
				CLANG_WARN__DUPLICATE_METHOD_MATCH = YES;
				COPY_PHASE_STRIP = NO;
				DEBUG_INFORMATION_FORMAT = "dwarf-with-dsym";
				ENABLE_NS_ASSERTIONS = NO;
				ENABLE_STRICT_OBJC_MSGSEND = YES;
				GCC_C_LANGUAGE_STANDARD = gnu11;
				GCC_NO_COMMON_BLOCKS = YES;
				GCC_WARN_64_TO_32_BIT_CONVERSION = YES;
				GCC_WARN_ABOUT_RETURN_TYPE = YES_ERROR;
				GCC_WARN_UNDECLARED_SELECTOR = YES;
				GCC_WARN_UNINITIALIZED_AUTOS = YES_AGGRESSIVE;
				GCC_WARN_UNUSED_FUNCTION = YES;
				GCC_WARN_UNUSED_VARIABLE = YES;
				IPHONEOS_DEPLOYMENT_TARGET = 13.5;
				MTL_ENABLE_DEBUG_INFO = NO;
				MTL_FAST_MATH = YES;
				SDKROOT = iphoneos;
				SWIFT_COMPILATION_MODE = wholemodule;
				SWIFT_OPTIMIZATION_LEVEL = "-O";
				VALIDATE_PRODUCT = YES;
			};
			name = Release;
		};
		8BEC139224906FF60056E767 /* Debug */ = {
			isa = XCBuildConfiguration;
			buildSettings = {
				ASSETCATALOG_COMPILER_APPICON_NAME = AppIcon;
				CODE_SIGN_STYLE = Automatic;
				DEVELOPMENT_TEAM = 4XCHA6YC28;
				INFOPLIST_FILE = "diction-processor/Info.plist";
				LD_RUNPATH_SEARCH_PATHS = (
					"$(inherited)",
					"@executable_path/Frameworks",
				);
				PRODUCT_BUNDLE_IDENTIFIER = "com.afikanyati.diction-processor";
				PRODUCT_NAME = "$(TARGET_NAME)";
				SWIFT_VERSION = 5.0;
				TARGETED_DEVICE_FAMILY = 1;
			};
			name = Debug;
		};
		8BEC139324906FF60056E767 /* Release */ = {
			isa = XCBuildConfiguration;
			buildSettings = {
				ASSETCATALOG_COMPILER_APPICON_NAME = AppIcon;
				CODE_SIGN_STYLE = Automatic;
				DEVELOPMENT_TEAM = 4XCHA6YC28;
				INFOPLIST_FILE = "diction-processor/Info.plist";
				LD_RUNPATH_SEARCH_PATHS = (
					"$(inherited)",
					"@executable_path/Frameworks",
				);
				PRODUCT_BUNDLE_IDENTIFIER = "com.afikanyati.diction-processor";
				PRODUCT_NAME = "$(TARGET_NAME)";
				SWIFT_VERSION = 5.0;
				TARGETED_DEVICE_FAMILY = 1;
			};
			name = Release;
		};
		8BEC139524906FF60056E767 /* Debug */ = {
			isa = XCBuildConfiguration;
			buildSettings = {
				ALWAYS_EMBED_SWIFT_STANDARD_LIBRARIES = YES;
				BUNDLE_LOADER = "$(TEST_HOST)";
				CODE_SIGN_STYLE = Automatic;
				DEVELOPMENT_TEAM = 4XCHA6YC28;
				INFOPLIST_FILE = "diction-processorTests/Info.plist";
				IPHONEOS_DEPLOYMENT_TARGET = 13.5;
				LD_RUNPATH_SEARCH_PATHS = (
					"$(inherited)",
					"@executable_path/Frameworks",
					"@loader_path/Frameworks",
				);
				PRODUCT_BUNDLE_IDENTIFIER = "com.afikanyati.diction-processorTests";
				PRODUCT_NAME = "$(TARGET_NAME)";
				SWIFT_VERSION = 5.0;
				TARGETED_DEVICE_FAMILY = "1,2";
				TEST_HOST = "$(BUILT_PRODUCTS_DIR)/diction-processor.app/diction-processor";
			};
			name = Debug;
		};
		8BEC139624906FF60056E767 /* Release */ = {
			isa = XCBuildConfiguration;
			buildSettings = {
				ALWAYS_EMBED_SWIFT_STANDARD_LIBRARIES = YES;
				BUNDLE_LOADER = "$(TEST_HOST)";
				CODE_SIGN_STYLE = Automatic;
				DEVELOPMENT_TEAM = 4XCHA6YC28;
				INFOPLIST_FILE = "diction-processorTests/Info.plist";
				IPHONEOS_DEPLOYMENT_TARGET = 13.5;
				LD_RUNPATH_SEARCH_PATHS = (
					"$(inherited)",
					"@executable_path/Frameworks",
					"@loader_path/Frameworks",
				);
				PRODUCT_BUNDLE_IDENTIFIER = "com.afikanyati.diction-processorTests";
				PRODUCT_NAME = "$(TARGET_NAME)";
				SWIFT_VERSION = 5.0;
				TARGETED_DEVICE_FAMILY = "1,2";
				TEST_HOST = "$(BUILT_PRODUCTS_DIR)/diction-processor.app/diction-processor";
			};
			name = Release;
		};
		8BEC139824906FF60056E767 /* Debug */ = {
			isa = XCBuildConfiguration;
			buildSettings = {
				ALWAYS_EMBED_SWIFT_STANDARD_LIBRARIES = YES;
				CODE_SIGN_STYLE = Automatic;
				DEVELOPMENT_TEAM = 4XCHA6YC28;
				INFOPLIST_FILE = "diction-processorUITests/Info.plist";
				LD_RUNPATH_SEARCH_PATHS = (
					"$(inherited)",
					"@executable_path/Frameworks",
					"@loader_path/Frameworks",
				);
				PRODUCT_BUNDLE_IDENTIFIER = "com.afikanyati.diction-processorUITests";
				PRODUCT_NAME = "$(TARGET_NAME)";
				SWIFT_VERSION = 5.0;
				TARGETED_DEVICE_FAMILY = "1,2";
				TEST_TARGET_NAME = "diction-processor";
			};
			name = Debug;
		};
		8BEC139924906FF60056E767 /* Release */ = {
			isa = XCBuildConfiguration;
			buildSettings = {
				ALWAYS_EMBED_SWIFT_STANDARD_LIBRARIES = YES;
				CODE_SIGN_STYLE = Automatic;
				DEVELOPMENT_TEAM = 4XCHA6YC28;
				INFOPLIST_FILE = "diction-processorUITests/Info.plist";
				LD_RUNPATH_SEARCH_PATHS = (
					"$(inherited)",
					"@executable_path/Frameworks",
					"@loader_path/Frameworks",
				);
				PRODUCT_BUNDLE_IDENTIFIER = "com.afikanyati.diction-processorUITests";
				PRODUCT_NAME = "$(TARGET_NAME)";
				SWIFT_VERSION = 5.0;
				TARGETED_DEVICE_FAMILY = "1,2";
				TEST_TARGET_NAME = "diction-processor";
			};
			name = Release;
		};
/* End XCBuildConfiguration section */

/* Begin XCConfigurationList section */
		8BEC135F24906FF30056E767 /* Build configuration list for PBXProject "diction-processor" */ = {
			isa = XCConfigurationList;
			buildConfigurations = (
				8BEC138F24906FF60056E767 /* Debug */,
				8BEC139024906FF60056E767 /* Release */,
			);
			defaultConfigurationIsVisible = 0;
			defaultConfigurationName = Release;
		};
		8BEC139124906FF60056E767 /* Build configuration list for PBXNativeTarget "diction-processor" */ = {
			isa = XCConfigurationList;
			buildConfigurations = (
				8BEC139224906FF60056E767 /* Debug */,
				8BEC139324906FF60056E767 /* Release */,
			);
			defaultConfigurationIsVisible = 0;
			defaultConfigurationName = Release;
		};
		8BEC139424906FF60056E767 /* Build configuration list for PBXNativeTarget "diction-processorTests" */ = {
			isa = XCConfigurationList;
			buildConfigurations = (
				8BEC139524906FF60056E767 /* Debug */,
				8BEC139624906FF60056E767 /* Release */,
			);
			defaultConfigurationIsVisible = 0;
			defaultConfigurationName = Release;
		};
		8BEC139724906FF60056E767 /* Build configuration list for PBXNativeTarget "diction-processorUITests" */ = {
			isa = XCConfigurationList;
			buildConfigurations = (
				8BEC139824906FF60056E767 /* Debug */,
				8BEC139924906FF60056E767 /* Release */,
			);
			defaultConfigurationIsVisible = 0;
			defaultConfigurationName = Release;
		};
/* End XCConfigurationList section */

/* Begin XCVersionGroup section */
		8BEC137024906FF30056E767 /* diction_processor.xcdatamodeld */ = {
			isa = XCVersionGroup;
			children = (
				8BEC137124906FF30056E767 /* diction_processor.xcdatamodel */,
			);
			currentVersion = 8BEC137124906FF30056E767 /* diction_processor.xcdatamodel */;
			path = diction_processor.xcdatamodeld;
			sourceTree = "<group>";
			versionGroupType = wrapper.xcdatamodel;
		};
/* End XCVersionGroup section */
	};
	rootObject = 8BEC135C24906FF30056E767 /* Project object */;
}
